
Microsoft Visual Studio Solution File, Format Version 12.00
# Visual Studio Version 17
VisualStudioVersion = 17.3.32922.545
MinimumVisualStudioVersion = 10.0.40219.1
Project("{FAE04EC0-301F-11D3-BF4B-00C04F79EFBC}") = "Projeto", "Projeto\Projeto.csproj", "{BB9A1572-6D40-46BE-9241-B8BBA71C613A}"
EndProject
Global
	GlobalSection(SolutionConfigurationPlatforms) = preSolution
		Debug|Any CPU = Debug|Any CPU
		Release|Any CPU = Release|Any CPU
	EndGlobalSection
	GlobalSection(ProjectConfigurationPlatforms) = postSolution
		{BB9A1572-6D40-46BE-9241-B8BBA71C613A}.Debug|Any CPU.ActiveCfg = Debug|Any CPU
		{BB9A1572-6D40-46BE-9241-B8BBA71C613A}.Debug|Any CPU.Build.0 = Debug|Any CPU
		{BB9A1572-6D40-46BE-9241-B8BBA71C613A}.Release|Any CPU.ActiveCfg = Release|Any CPU
		{BB9A1572-6D40-46BE-9241-B8BBA71C613A}.Release|Any CPU.Build.0 = Release|Any CPU
	EndGlobalSection
	GlobalSection(SolutionProperties) = preSolution
		HideSolutionNode = FALSE
	EndGlobalSection
	GlobalSection(ExtensibilityGlobals) = postSolution
		SolutionGuid = {6F294677-2D32-4C51-978B-A02E1A49E92C}
	EndGlobalSection
EndGlobal
